
Microsoft Visual Studio Solution File, Format Version 12.00
# Visual Studio Version 17
VisualStudioVersion = 17.10.34916.146
MinimumVisualStudioVersion = 10.0.40219.1
Project("{8BC9CEB8-8B4A-11D0-8D11-00A0C91BC942}") = "Magshimim_EX2", "Magshimim_EX10\Magshimim_EX10.vcxproj", "{6DBB91BD-5343-44C1-99B1-92F3B15166E0}"
EndProject
Project("{8BC9CEB8-8B4A-11D0-8D11-00A0C91BC942}") = "Magshimim_EX3", "Magshimim_EX3\Magshimim_EX3.vcxproj", "{4FD086D2-1EC9-4A8B-8F23-7C451E55F0A8}"
EndProject
Global
	GlobalSection(SolutionConfigurationPlatforms) = preSolution
		Debug|x64 = Debug|x64
		Debug|x86 = Debug|x86
		Release|x64 = Release|x64
		Release|x86 = Release|x86
	EndGlobalSection
	GlobalSection(ProjectConfigurationPlatforms) = postSolution
		{6DBB91BD-5343-44C1-99B1-92F3B15166E0}.Debug|x64.ActiveCfg = Debug|x64
		{6DBB91BD-5343-44C1-99B1-92F3B15166E0}.Debug|x64.Build.0 = Debug|x64
		{6DBB91BD-5343-44C1-99B1-92F3B15166E0}.Debug|x86.ActiveCfg = Debug|Win32
		{6DBB91BD-5343-44C1-99B1-92F3B15166E0}.Debug|x86.Build.0 = Debug|Win32
		{6DBB91BD-5343-44C1-99B1-92F3B15166E0}.Release|x64.ActiveCfg = Release|x64
		{6DBB91BD-5343-44C1-99B1-92F3B15166E0}.Release|x64.Build.0 = Release|x64
		{6DBB91BD-5343-44C1-99B1-92F3B15166E0}.Release|x86.ActiveCfg = Release|Win32
		{6DBB91BD-5343-44C1-99B1-92F3B15166E0}.Release|x86.Build.0 = Release|Win32
		{4FD086D2-1EC9-4A8B-8F23-7C451E55F0A8}.Debug|x64.ActiveCfg = Debug|x64
		{4FD086D2-1EC9-4A8B-8F23-7C451E55F0A8}.Debug|x64.Build.0 = Debug|x64
		{4FD086D2-1EC9-4A8B-8F23-7C451E55F0A8}.Debug|x86.ActiveCfg = Debug|Win32
		{4FD086D2-1EC9-4A8B-8F23-7C451E55F0A8}.Debug|x86.Build.0 = Debug|Win32
		{4FD086D2-1EC9-4A8B-8F23-7C451E55F0A8}.Release|x64.ActiveCfg = Release|x64
		{4FD086D2-1EC9-4A8B-8F23-7C451E55F0A8}.Release|x64.Build.0 = Release|x64
		{4FD086D2-1EC9-4A8B-8F23-7C451E55F0A8}.Release|x86.ActiveCfg = Release|Win32
		{4FD086D2-1EC9-4A8B-8F23-7C451E55F0A8}.Release|x86.Build.0 = Release|Win32
	EndGlobalSection
	GlobalSection(SolutionProperties) = preSolution
		HideSolutionNode = FALSE
	EndGlobalSection
	GlobalSection(ExtensibilityGlobals) = postSolution
		SolutionGuid = {3D23BDBC-0E59-4E57-A543-0F39F0445D98}
	EndGlobalSection
EndGlobal
